
Microsoft Visual Studio Solution File, Format Version 12.00
# Visual Studio Version 16
VisualStudioVersion = 16.0.29806.167
MinimumVisualStudioVersion = 10.0.40219.1
Project("{9A19103F-16F7-4668-BE54-9A1E7A4F7556}") = "ControlFlowPractice", "ControlFlowPractice\ControlFlowPractice.csproj", "{D3F47185-03BE-45B4-B4D2-E06BB7FD5E3F}"
EndProject
Project("{9A19103F-16F7-4668-BE54-9A1E7A4F7556}") = "LoopPractice", "LoopPractice\LoopPractice.csproj", "{294192CB-8AFE-4FA7-B4EA-830275E2C275}"
EndProject
Project("{9A19103F-16F7-4668-BE54-9A1E7A4F7556}") = "ArraysAndLists", "ArraysAndLists\ArraysAndLists.csproj", "{C07ECDAC-8278-48D0-9DEE-D2EC7B87EFA1}"
EndProject
Project("{9A19103F-16F7-4668-BE54-9A1E7A4F7556}") = "StringBuilder", "StringBuilder\StringBuilder.csproj", "{EEEAC817-9483-4D01-BB93-6A6A608C06F5}"
EndProject
Project("{9A19103F-16F7-4668-BE54-9A1E7A4F7556}") = "Files", "Files\Files.csproj", "{B5D7C5D5-D129-4CEF-82C7-9B91FAABF4DA}"
EndProject
Project("{9A19103F-16F7-4668-BE54-9A1E7A4F7556}") = "Stopwatch", "Stopwatch\Stopwatch.csproj", "{22176056-4B46-40F6-B5D0-91762B466530}"
EndProject
Project("{9A19103F-16F7-4668-BE54-9A1E7A4F7556}") = "Post", "Post\Post.csproj", "{F077C895-8FF3-494C-A7E3-47BD91346762}"
EndProject
Project("{FAE04EC0-301F-11D3-BF4B-00C04F79EFBC}") = "DesignAStack", "DesignAStack\DesignAStack.csproj", "{F8D34462-4E7E-4412-8C1D-D9403260E35A}"
EndProject
Project("{FAE04EC0-301F-11D3-BF4B-00C04F79EFBC}") = "DataBaseStuff", "DataBaseStuff\DataBaseStuff.csproj", "{CB3F39CC-8360-44E1-97B4-1E824BB4CC67}"
EndProject
Global
	GlobalSection(SolutionConfigurationPlatforms) = preSolution
		Debug|Any CPU = Debug|Any CPU
		Release|Any CPU = Release|Any CPU
	EndGlobalSection
	GlobalSection(ProjectConfigurationPlatforms) = postSolution
		{D3F47185-03BE-45B4-B4D2-E06BB7FD5E3F}.Debug|Any CPU.ActiveCfg = Debug|Any CPU
		{D3F47185-03BE-45B4-B4D2-E06BB7FD5E3F}.Debug|Any CPU.Build.0 = Debug|Any CPU
		{D3F47185-03BE-45B4-B4D2-E06BB7FD5E3F}.Release|Any CPU.ActiveCfg = Release|Any CPU
		{D3F47185-03BE-45B4-B4D2-E06BB7FD5E3F}.Release|Any CPU.Build.0 = Release|Any CPU
		{294192CB-8AFE-4FA7-B4EA-830275E2C275}.Debug|Any CPU.ActiveCfg = Debug|Any CPU
		{294192CB-8AFE-4FA7-B4EA-830275E2C275}.Debug|Any CPU.Build.0 = Debug|Any CPU
		{294192CB-8AFE-4FA7-B4EA-830275E2C275}.Release|Any CPU.ActiveCfg = Release|Any CPU
		{294192CB-8AFE-4FA7-B4EA-830275E2C275}.Release|Any CPU.Build.0 = Release|Any CPU
		{C07ECDAC-8278-48D0-9DEE-D2EC7B87EFA1}.Debug|Any CPU.ActiveCfg = Debug|Any CPU
		{C07ECDAC-8278-48D0-9DEE-D2EC7B87EFA1}.Debug|Any CPU.Build.0 = Debug|Any CPU
		{C07ECDAC-8278-48D0-9DEE-D2EC7B87EFA1}.Release|Any CPU.ActiveCfg = Release|Any CPU
		{C07ECDAC-8278-48D0-9DEE-D2EC7B87EFA1}.Release|Any CPU.Build.0 = Release|Any CPU
		{EEEAC817-9483-4D01-BB93-6A6A608C06F5}.Debug|Any CPU.ActiveCfg = Debug|Any CPU
		{EEEAC817-9483-4D01-BB93-6A6A608C06F5}.Debug|Any CPU.Build.0 = Debug|Any CPU
		{EEEAC817-9483-4D01-BB93-6A6A608C06F5}.Release|Any CPU.ActiveCfg = Release|Any CPU
		{EEEAC817-9483-4D01-BB93-6A6A608C06F5}.Release|Any CPU.Build.0 = Release|Any CPU
		{B5D7C5D5-D129-4CEF-82C7-9B91FAABF4DA}.Debug|Any CPU.ActiveCfg = Debug|Any CPU
		{B5D7C5D5-D129-4CEF-82C7-9B91FAABF4DA}.Debug|Any CPU.Build.0 = Debug|Any CPU
		{B5D7C5D5-D129-4CEF-82C7-9B91FAABF4DA}.Release|Any CPU.ActiveCfg = Release|Any CPU
		{B5D7C5D5-D129-4CEF-82C7-9B91FAABF4DA}.Release|Any CPU.Build.0 = Release|Any CPU
		{22176056-4B46-40F6-B5D0-91762B466530}.Debug|Any CPU.ActiveCfg = Debug|Any CPU
		{22176056-4B46-40F6-B5D0-91762B466530}.Debug|Any CPU.Build.0 = Debug|Any CPU
		{22176056-4B46-40F6-B5D0-91762B466530}.Release|Any CPU.ActiveCfg = Release|Any CPU
		{22176056-4B46-40F6-B5D0-91762B466530}.Release|Any CPU.Build.0 = Release|Any CPU
		{F077C895-8FF3-494C-A7E3-47BD91346762}.Debug|Any CPU.ActiveCfg = Debug|Any CPU
		{F077C895-8FF3-494C-A7E3-47BD91346762}.Debug|Any CPU.Build.0 = Debug|Any CPU
		{F077C895-8FF3-494C-A7E3-47BD91346762}.Release|Any CPU.ActiveCfg = Release|Any CPU
		{F077C895-8FF3-494C-A7E3-47BD91346762}.Release|Any CPU.Build.0 = Release|Any CPU
		{F8D34462-4E7E-4412-8C1D-D9403260E35A}.Debug|Any CPU.ActiveCfg = Debug|Any CPU
		{F8D34462-4E7E-4412-8C1D-D9403260E35A}.Debug|Any CPU.Build.0 = Debug|Any CPU
		{F8D34462-4E7E-4412-8C1D-D9403260E35A}.Release|Any CPU.ActiveCfg = Release|Any CPU
		{F8D34462-4E7E-4412-8C1D-D9403260E35A}.Release|Any CPU.Build.0 = Release|Any CPU
		{CB3F39CC-8360-44E1-97B4-1E824BB4CC67}.Debug|Any CPU.ActiveCfg = Debug|Any CPU
		{CB3F39CC-8360-44E1-97B4-1E824BB4CC67}.Debug|Any CPU.Build.0 = Debug|Any CPU
		{CB3F39CC-8360-44E1-97B4-1E824BB4CC67}.Release|Any CPU.ActiveCfg = Release|Any CPU
		{CB3F39CC-8360-44E1-97B4-1E824BB4CC67}.Release|Any CPU.Build.0 = Release|Any CPU
	EndGlobalSection
	GlobalSection(SolutionProperties) = preSolution
		HideSolutionNode = FALSE
	EndGlobalSection
	GlobalSection(ExtensibilityGlobals) = postSolution
		SolutionGuid = {CF7951E9-04EB-4346-A43A-062006F41746}
	EndGlobalSection
EndGlobal
